PODS:
  - GoogleMaps (3.9.0):
    - GoogleMaps/Maps (= 3.9.0)
  - GoogleMaps/Base (3.9.0)
  - GoogleMaps/Maps (3.9.0):
    - GoogleMaps/Base
  - GooglePlaces (3.9.0):
    - GoogleMaps/Base (= 3.9.0)
  - PanModal (1.2.7)
  - Realm (5.0.1):
    - Realm/Headers (= 5.0.1)
  - Realm/Headers (5.0.1)
  - RealmSwift (5.0.1):
    - Realm (= 5.0.1)
  - SwipeCellKit (2.7.1)

DEPENDENCIES:
  - GoogleMaps
  - GooglePlaces
  - PanModal
  - RealmSwift
  - SwipeCellKit

SPEC REPOS:
  trunk:
    - GoogleMaps
    - GooglePlaces
    - PanModal
    - Realm
    - RealmSwift
    - SwipeCellKit

SPEC CHECKSUMS:
  GoogleMaps: 4b5346bddfe6911bb89155d43c903020170523ac
  GooglePlaces: 1634d019549b969d40fe0ccb0b9513055adebe01
  PanModal: 3e16ead1a907fb06f4df3f13492fd00149fa4974
  Realm: d36cfc336d76d2e15b13651beb6050f49354de4b
  RealmSwift: f29ae0ceaf4fbaf4803c40bbebd838ea2beb903a
  SwipeCellKit: 3972254a826da74609926daf59b08d6c72e619ea

PODFILE CHECKSUM: e1b0cc6259bd6616cef593af29ba62d4e5b75faa

COCOAPODS: 1.9.2
